
Microsoft Visual Studio Solution File, Format Version 12.00
# Visual Studio 15
VisualStudioVersion = 15.0.26730.16
MinimumVisualStudioVersion = 10.0.40219.1
Project("{F184B08F-C81C-45F6-A57F-5ABD9991F28F}") = "proyectoFormasFicheros", "proyectoFormasFicheros\proyectoFormasFicheros.vbproj", "{E6E0F483-1552-43E0-BAE4-BE3E8ECF6A2C}"
EndProject
Global
	GlobalSection(SolutionConfigurationPlatforms) = preSolution
		Debug|Any CPU = Debug|Any CPU
		Release|Any CPU = Release|Any CPU
	EndGlobalSection
	GlobalSection(ProjectConfigurationPlatforms) = postSolution
		{E6E0F483-1552-43E0-BAE4-BE3E8ECF6A2C}.Debug|Any CPU.ActiveCfg = Debug|Any CPU
		{E6E0F483-1552-43E0-BAE4-BE3E8ECF6A2C}.Debug|Any CPU.Build.0 = Debug|Any CPU
		{E6E0F483-1552-43E0-BAE4-BE3E8ECF6A2C}.Release|Any CPU.ActiveCfg = Release|Any CPU
		{E6E0F483-1552-43E0-BAE4-BE3E8ECF6A2C}.Release|Any CPU.Build.0 = Release|Any CPU
	EndGlobalSection
	GlobalSection(SolutionProperties) = preSolution
		HideSolutionNode = FALSE
	EndGlobalSection
	GlobalSection(ExtensibilityGlobals) = postSolution
		SolutionGuid = {6AC291A6-6927-45B6-B3EA-358740695A16}
	EndGlobalSection
EndGlobal
